// !$*UTF8*$!
{
	archiveVersion = 1;
	classes = {
	};
	objectVersion = 48;
	objects = {

/* Begin PBXBuildFile section */
		49B933E21FD6897E00773DB5 /* AppDelegate.swift in Sources */ = {isa = PBXBuildFile; fileRef = 49B933E11FD6897E00773DB5 /* AppDelegate.swift */; };
		49B933E41FD6897E00773DB5 /* ViewController.swift in Sources */ = {isa = PBXBuildFile; fileRef = 49B933E31FD6897E00773DB5 /* ViewController.swift */; };
		49B933E71FD6897E00773DB5 /* Main.storyboard in Resources */ = {isa = PBXBuildFile; fileRef = 49B933E51FD6897E00773DB5 /* Main.storyboard */; };
		49B933E91FD6897E00773DB5 /* Assets.xcassets in Resources */ = {isa = PBXBuildFile; fileRef = 49B933E81FD6897E00773DB5 /* Assets.xcassets */; };
		49B933EC1FD6897E00773DB5 /* LaunchScreen.storyboard in Resources */ = {isa = PBXBuildFile; fileRef = 49B933EA1FD6897E00773DB5 /* LaunchScreen.storyboard */; };
		49B933F71FD6897F00773DB5 /* TalentifyTests.swift in Sources */ = {isa = PBXBuildFile; fileRef = 49B933F61FD6897F00773DB5 /* TalentifyTests.swift */; };
		5734E40F1FE3D44800FEF106 /* LoginController.swift in Sources */ = {isa = PBXBuildFile; fileRef = 5734E40E1FE3D44800FEF106 /* LoginController.swift */; };
		5794E6571FE949E90035AE06 /* TaskScreenController.swift in Sources */ = {isa = PBXBuildFile; fileRef = 5794E6561FE949E90035AE06 /* TaskScreenController.swift */; };
		BC79F6761FEA797300481453 /* TaskPlayController.swift in Sources */ = {isa = PBXBuildFile; fileRef = BC79F6751FEA797300481453 /* TaskPlayController.swift */; };
/* End PBXBuildFile section */

/* Begin PBXContainerItemProxy section */
		49B933F31FD6897F00773DB5 /* PBXContainerItemProxy */ = {
			isa = PBXContainerItemProxy;
			containerPortal = 49B933D61FD6897D00773DB5 /* Project object */;
			proxyType = 1;
			remoteGlobalIDString = 49B933DD1FD6897D00773DB5;
			remoteInfo = Talentify;
		};
/* End PBXContainerItemProxy section */

/* Begin PBXFileReference section */
		49B933DE1FD6897E00773DB5 /* Talentify.app */ = {isa = PBXFileReference; explicitFileType = wrapper.application; includeInIndex = 0; path = Talentify.app; sourceTree = BUILT_PRODUCTS_DIR; };
		49B933E11FD6897E00773DB5 /* AppDelegate.swift */ = {isa = PBXFileReference; lastKnownFileType = sourcecode.swift; path = AppDelegate.swift; sourceTree = "<group>"; };
		49B933E31FD6897E00773DB5 /* ViewController.swift */ = {isa = PBXFileReference; lastKnownFileType = sourcecode.swift; path = ViewController.swift; sourceTree = "<group>"; };
		49B933E61FD6897E00773DB5 /* Base */ = {isa = PBXFileReference; lastKnownFileType = file.storyboard; name = Base; path = Base.lproj/Main.storyboard; sourceTree = "<group>"; };
		49B933E81FD6897E00773DB5 /* Assets.xcassets */ = {isa = PBXFileReference; lastKnownFileType = folder.assetcatalog; path = Assets.xcassets; sourceTree = "<group>"; };
		49B933EB1FD6897E00773DB5 /* Base */ = {isa = PBXFileReference; lastKnownFileType = file.storyboard; name = Base; path = Base.lproj/LaunchScreen.storyboard; sourceTree = "<group>"; };
		49B933ED1FD6897E00773DB5 /* Info.plist */ = {isa = PBXFileReference; lastKnownFileType = text.plist.xml; path = Info.plist; sourceTree = "<group>"; };
		49B933F21FD6897F00773DB5 /* TalentifyTests.xctest */ = {isa = PBXFileReference; explicitFileType = wrapper.cfbundle; includeInIndex = 0; path = TalentifyTests.xctest; sourceTree = BUILT_PRODUCTS_DIR; };
		49B933F61FD6897F00773DB5 /* TalentifyTests.swift */ = {isa = PBXFileReference; lastKnownFileType = sourcecode.swift; path = TalentifyTests.swift; sourceTree = "<group>"; };
		49B933F81FD6897F00773DB5 /* Info.plist */ = {isa = PBXFileReference; lastKnownFileType = text.plist.xml; path = Info.plist; sourceTree = "<group>"; };
		5734E40E1FE3D44800FEF106 /* LoginController.swift */ = {isa = PBXFileReference; lastKnownFileType = sourcecode.swift; path = LoginController.swift; sourceTree = "<group>"; };
		5794E6561FE949E90035AE06 /* TaskScreenController.swift */ = {isa = PBXFileReference; lastKnownFileType = sourcecode.swift; path = TaskScreenController.swift; sourceTree = "<group>"; };
		BC79F6751FEA797300481453 /* TaskPlayController.swift */ = {isa = PBXFileReference; lastKnownFileType = sourcecode.swift; path = TaskPlayController.swift; sourceTree = "<group>"; };
/* End PBXFileReference section */

/* Begin PBXFrameworksBuildPhase section */
		49B933DB1FD6897D00773DB5 /* Frameworks */ = {
			isa = PBXFrameworksBuildPhase;
			buildActionMask = 2147483647;
			files = (
			);
			runOnlyForDeploymentPostprocessing = 0;
		};
		49B933EF1FD6897F00773DB5 /* Frameworks */ = {
			isa = PBXFrameworksBuildPhase;
			buildActionMask = 2147483647;
			files = (
			);
			runOnlyForDeploymentPostprocessing = 0;
		};
/* End PBXFrameworksBuildPhase section */

/* Begin PBXGroup section */
		49B933D51FD6897D00773DB5 = {
			isa = PBXGroup;
			children = (
				49B933E01FD6897E00773DB5 /* Talentify */,
				49B933F51FD6897F00773DB5 /* TalentifyTests */,
				49B933DF1FD6897E00773DB5 /* Products */,
			);
			sourceTree = "<group>";
		};
		49B933DF1FD6897E00773DB5 /* Products */ = {
			isa = PBXGroup;
			children = (
				49B933DE1FD6897E00773DB5 /* Talentify.app */,
				49B933F21FD6897F00773DB5 /* TalentifyTests.xctest */,
			);
			name = Products;
			sourceTree = "<group>";
		};
		49B933E01FD6897E00773DB5 /* Talentify */ = {
			isa = PBXGroup;
			children = (
				49B933E11FD6897E00773DB5 /* AppDelegate.swift */,
				49B933E31FD6897E00773DB5 /* ViewController.swift */,
				5734E40E1FE3D44800FEF106 /* LoginController.swift */,
				5794E6561FE949E90035AE06 /* TaskScreenController.swift */,
				49B933E51FD6897E00773DB5 /* Main.storyboard */,
				BC79F6751FEA797300481453 /* TaskPlayController.swift */,
				49B933E81FD6897E00773DB5 /* Assets.xcassets */,
				49B933EA1FD6897E00773DB5 /* LaunchScreen.storyboard */,
				49B933ED1FD6897E00773DB5 /* Info.plist */,
			);
			path = Talentify;
			sourceTree = "<group>";
		};
		49B933F51FD6897F00773DB5 /* TalentifyTests */ = {
			isa = PBXGroup;
			children = (
				49B933F61FD6897F00773DB5 /* TalentifyTests.swift */,
				49B933F81FD6897F00773DB5 /* Info.plist */,
			);
			path = TalentifyTests;
			sourceTree = "<group>";
		};
/* End PBXGroup section */

/* Begin PBXNativeTarget section */
		49B933DD1FD6897D00773DB5 /* Talentify */ = {
			isa = PBXNativeTarget;
			buildConfigurationList = 49B933FB1FD6897F00773DB5 /* Build configuration list for PBXNativeTarget "Talentify" */;
			buildPhases = (
				49B933DA1FD6897D00773DB5 /* Sources */,
				49B933DB1FD6897D00773DB5 /* Frameworks */,
				49B933DC1FD6897D00773DB5 /* Resources */,
			);
			buildRules = (
			);
			dependencies = (
			);
			name = Talentify;
			productName = Talentify;
			productReference = 49B933DE1FD6897E00773DB5 /* Talentify.app */;
			productType = "com.apple.product-type.application";
		};
		49B933F11FD6897F00773DB5 /* TalentifyTests */ = {
			isa = PBXNativeTarget;
			buildConfigurationList = 49B933FE1FD6897F00773DB5 /* Build configuration list for PBXNativeTarget "TalentifyTests" */;
			buildPhases = (
				49B933EE1FD6897F00773DB5 /* Sources */,
				49B933EF1FD6897F00773DB5 /* Frameworks */,
				49B933F01FD6897F00773DB5 /* Resources */,
			);
			buildRules = (
			);
			dependencies = (
				49B933F41FD6897F00773DB5 /* PBXTargetDependency */,
			);
			name = TalentifyTests;
			productName = TalentifyTests;
			productReference = 49B933F21FD6897F00773DB5 /* TalentifyTests.xctest */;
			productType = "com.apple.product-type.bundle.unit-test";
		};
/* End PBXNativeTarget section */

/* Begin PBXProject section */
		49B933D61FD6897D00773DB5 /* Project object */ = {
			isa = PBXProject;
			attributes = {
				LastSwiftUpdateCheck = 0910;
				LastUpgradeCheck = 0910;
				ORGANIZATIONNAME = "iSTAR Skill Development Pvt. Ltd.";
				TargetAttributes = {
					49B933DD1FD6897D00773DB5 = {
						CreatedOnToolsVersion = 9.1;
						ProvisioningStyle = Automatic;
					};
					49B933F11FD6897F00773DB5 = {
						CreatedOnToolsVersion = 9.1;
						ProvisioningStyle = Automatic;
						TestTargetID = 49B933DD1FD6897D00773DB5;
					};
				};
			};
			buildConfigurationList = 49B933D91FD6897D00773DB5 /* Build configuration list for PBXProject "Talentify" */;
			compatibilityVersion = "Xcode 8.0";
			developmentRegion = en;
			hasScannedForEncodings = 0;
			knownRegions = (
				en,
				Base,
			);
			mainGroup = 49B933D51FD6897D00773DB5;
			productRefGroup = 49B933DF1FD6897E00773DB5 /* Products */;
			projectDirPath = "";
			projectRoot = "";
			targets = (
				49B933DD1FD6897D00773DB5 /* Talentify */,
				49B933F11FD6897F00773DB5 /* TalentifyTests */,
			);
		};
/* End PBXProject section */

/* Begin PBXResourcesBuildPhase section */
		49B933DC1FD6897D00773DB5 /* Resources */ = {
			isa = PBXResourcesBuildPhase;
			buildActionMask = 2147483647;
			files = (
				49B933EC1FD6897E00773DB5 /* LaunchScreen.storyboard in Resources */,
				49B933E91FD6897E00773DB5 /* Assets.xcassets in Resources */,
				49B933E71FD6897E00773DB5 /* Main.storyboard in Resources */,
			);
			runOnlyForDeploymentPostprocessing = 0;
		};
		49B933F01FD6897F00773DB5 /* Resources */ = {
			isa = PBXResourcesBuildPhase;
			buildActionMask = 2147483647;
			files = (
			);
			runOnlyForDeploymentPostprocessing = 0;
		};
/* End PBXResourcesBuildPhase section */

/* Begin PBXSourcesBuildPhase section */
		49B933DA1FD6897D00773DB5 /* Sources */ = {
			isa = PBXSourcesBuildPhase;
			buildActionMask = 2147483647;
			files = (
				5794E6571FE949E90035AE06 /* TaskScreenController.swift in Sources */,
				49B933E41FD6897E00773DB5 /* ViewController.swift in Sources */,
				5734E40F1FE3D44800FEF106 /* LoginController.swift in Sources */,
				49B933E21FD6897E00773DB5 /* AppDelegate.swift in Sources */,
				BC79F6761FEA797300481453 /* TaskPlayController.swift in Sources */,
			);
			runOnlyForDeploymentPostprocessing = 0;
		};
		49B933EE1FD6897F00773DB5 /* Sources */ = {
			isa = PBXSourcesBuildPhase;
			buildActionMask = 2147483647;
			files = (
				49B933F71FD6897F00773DB5 /* TalentifyTests.swift in Sources */,
			);
			runOnlyForDeploymentPostprocessing = 0;
		};
/* End PBXSourcesBuildPhase section */

/* Begin PBXTargetDependency section */
		49B933F41FD6897F00773DB5 /* PBXTargetDependency */ = {
			isa = PBXTargetDependency;
			target = 49B933DD1FD6897D00773DB5 /* Talentify */;
			targetProxy = 49B933F31FD6897F00773DB5 /* PBXContainerItemProxy */;
		};
/* End PBXTargetDependency section */

/* Begin PBXVariantGroup section */
		49B933E51FD6897E00773DB5 /* Main.storyboard */ = {
			isa = PBXVariantGroup;
			children = (
				49B933E61FD6897E00773DB5 /* Base */,
			);
			name = Main.storyboard;
			sourceTree = "<group>";
		};
		49B933EA1FD6897E00773DB5 /* LaunchScreen.storyboard */ = {
			isa = PBXVariantGroup;
			children = (
				49B933EB1FD6897E00773DB5 /* Base */,
			);
			name = LaunchScreen.storyboard;
			sourceTree = "<group>";
		};
/* End PBXVariantGroup section */

/* Begin XCBuildConfiguration section */
		49B933F91FD6897F00773DB5 /* Debug */ = {
			isa = XCBuildConfiguration;
			buildSettings = {
				ALWAYS_SEARCH_USER_PATHS = NO;
				CLANG_ANALYZER_NONNULL = YES;
				CLANG_ANALYZER_NUMBER_OBJECT_CONVERSION = YES_AGGRESSIVE;
				CLANG_CXX_LANGUAGE_STANDARD = "gnu++14";
				CLANG_CXX_LIBRARY = "libc++";
				CLANG_ENABLE_MODULES = YES;
				CLANG_ENABLE_OBJC_ARC = YES;
				CLANG_WARN_BLOCK_CAPTURE_AUTORELEASING = YES;
				CLANG_WARN_BOOL_CONVERSION = YES;
				CLANG_WARN_COMMA = YES;
				CLANG_WARN_CONSTANT_CONVERSION = YES;
				CLANG_WARN_DIRECT_OBJC_ISA_USAGE = YES_ERROR;
				CLANG_WARN_DOCUMENTATION_COMMENTS = YES;
				CLANG_WARN_EMPTY_BODY = YES;
				CLANG_WARN_ENUM_CONVERSION = YES;
				CLANG_WARN_INFINITE_RECURSION = YES;
				CLANG_WARN_INT_CONVERSION = YES;
				CLANG_WARN_NON_LITERAL_NULL_CONVERSION = YES;
				CLANG_WARN_OBJC_LITERAL_CONVERSION = YES;
				CLANG_WARN_OBJC_ROOT_CLASS = YES_ERROR;
				CLANG_WARN_RANGE_LOOP_ANALYSIS = YES;
				CLANG_WARN_STRICT_PROTOTYPES = YES;
				CLANG_WARN_SUSPICIOUS_MOVE = YES;
				CLANG_WARN_UNGUARDED_AVAILABILITY = YES_AGGRESSIVE;
				CLANG_WARN_UNREACHABLE_CODE = YES;
				CLANG_WARN__DUPLICATE_METHOD_MATCH = YES;
				CODE_SIGN_IDENTITY = "iPhone Developer";
				COPY_PHASE_STRIP = NO;
				DEBUG_INFORMATION_FORMAT = dwarf;
				ENABLE_STRICT_OBJC_MSGSEND = YES;
				ENABLE_TESTABILITY = YES;
				GCC_C_LANGUAGE_STANDARD = gnu11;
				GCC_DYNAMIC_NO_PIC = NO;
				GCC_NO_COMMON_BLOCKS = YES;
				GCC_OPTIMIZATION_LEVEL = 0;
				GCC_PREPROCESSOR_DEFINITIONS = (
					"DEBUG=1",
					"$(inherited)",
				);
				GCC_WARN_64_TO_32_BIT_CONVERSION = YES;
				GCC_WARN_ABOUT_RETURN_TYPE = YES_ERROR;
				GCC_WARN_UNDECLARED_SELECTOR = YES;
				GCC_WARN_UNINITIALIZED_AUTOS = YES_AGGRESSIVE;
				GCC_WARN_UNUSED_FUNCTION = YES;
				GCC_WARN_UNUSED_VARIABLE = YES;
				IPHONEOS_DEPLOYMENT_TARGET = 11.1;
				MTL_ENABLE_DEBUG_INFO = YES;
				ONLY_ACTIVE_ARCH = YES;
				SDKROOT = iphoneos;
				SWIFT_ACTIVE_COMPILATION_CONDITIONS = DEBUG;
				SWIFT_OPTIMIZATION_LEVEL = "-Onone";
			};
			name = Debug;
		};
		49B933FA1FD6897F00773DB5 /* Release */ = {
			isa = XCBuildConfiguration;
			buildSettings = {
				ALWAYS_SEARCH_USER_PATHS = NO;
				CLANG_ANALYZER_NONNULL = YES;
				CLANG_ANALYZER_NUMBER_OBJECT_CONVERSION = YES_AGGRESSIVE;
				CLANG_CXX_LANGUAGE_STANDARD = "gnu++14";
				CLANG_CXX_LIBRARY = "libc++";
				CLANG_ENABLE_MODULES = YES;
				CLANG_ENABLE_OBJC_ARC = YES;
				CLANG_WARN_BLOCK_CAPTURE_AUTORELEASING = YES;
				CLANG_WARN_BOOL_CONVERSION = YES;
				CLANG_WARN_COMMA = YES;
				CLANG_WARN_CONSTANT_CONVERSION = YES;
				CLANG_WARN_DIRECT_OBJC_ISA_USAGE = YES_ERROR;
				CLANG_WARN_DOCUMENTATION_COMMENTS = YES;
				CLANG_WARN_EMPTY_BODY = YES;
				CLANG_WARN_ENUM_CONVERSION = YES;
				CLANG_WARN_INFINITE_RECURSION = YES;
				CLANG_WARN_INT_CONVERSION = YES;
				CLANG_WARN_NON_LITERAL_NULL_CONVERSION = YES;
				CLANG_WARN_OBJC_LITERAL_CONVERSION = YES;
				CLANG_WARN_OBJC_ROOT_CLASS = YES_ERROR;
				CLANG_WARN_RANGE_LOOP_ANALYSIS = YES;
				CLANG_WARN_STRICT_PROTOTYPES = YES;
				CLANG_WARN_SUSPICIOUS_MOVE = YES;
				CLANG_WARN_UNGUARDED_AVAILABILITY = YES_AGGRESSIVE;
				CLANG_WARN_UNREACHABLE_CODE = YES;
				CLANG_WARN__DUPLICATE_METHOD_MATCH = YES;
				CODE_SIGN_IDENTITY = "iPhone Developer";
				COPY_PHASE_STRIP = NO;
				DEBUG_INFORMATION_FORMAT = "dwarf-with-dsym";
				ENABLE_NS_ASSERTIONS = NO;
				ENABLE_STRICT_OBJC_MSGSEND = YES;
				GCC_C_LANGUAGE_STANDARD = gnu11;
				GCC_NO_COMMON_BLOCKS = YES;
				GCC_WARN_64_TO_32_BIT_CONVERSION = YES;
				GCC_WARN_ABOUT_RETURN_TYPE = YES_ERROR;
				GCC_WARN_UNDECLARED_SELECTOR = YES;
				GCC_WARN_UNINITIALIZED_AUTOS = YES_AGGRESSIVE;
				GCC_WARN_UNUSED_FUNCTION = YES;
				GCC_WARN_UNUSED_VARIABLE = YES;
				IPHONEOS_DEPLOYMENT_TARGET = 11.1;
				MTL_ENABLE_DEBUG_INFO = NO;
				SDKROOT = iphoneos;
				SWIFT_OPTIMIZATION_LEVEL = "-Owholemodule";
				VALIDATE_PRODUCT = YES;
			};
			name = Release;
		};
		49B933FC1FD6897F00773DB5 /* Debug */ = {
			isa = XCBuildConfiguration;
			buildSettings = {
				ASSETCATALOG_COMPILER_APPICON_NAME = AppIcon;
				CODE_SIGN_STYLE = Automatic;
				INFOPLIST_FILE = Talentify/Info.plist;
				LD_RUNPATH_SEARCH_PATHS = "$(inherited) @executable_path/Frameworks";
				PRODUCT_BUNDLE_IDENTIFIER = in.talentify.Talentify;
				PRODUCT_NAME = "$(TARGET_NAME)";
				SWIFT_VERSION = 4.0;
				TARGETED_DEVICE_FAMILY = 1;
			};
			name = Debug;
		};
		49B933FD1FD6897F00773DB5 /* Release */ = {
			isa = XCBuildConfiguration;
			buildSettings = {
				ASSETCATALOG_COMPILER_APPICON_NAME = AppIcon;
				CODE_SIGN_STYLE = Automatic;
				INFOPLIST_FILE = Talentify/Info.plist;
				LD_RUNPATH_SEARCH_PATHS = "$(inherited) @executable_path/Frameworks";
				PRODUCT_BUNDLE_IDENTIFIER = in.talentify.Talentify;
				PRODUCT_NAME = "$(TARGET_NAME)";
				SWIFT_VERSION = 4.0;
				TARGETED_DEVICE_FAMILY = 1;
			};
			name = Release;
		};
		49B933FF1FD6897F00773DB5 /* Debug */ = {
			isa = XCBuildConfiguration;
			buildSettings = {
				ALWAYS_EMBED_SWIFT_STANDARD_LIBRARIES = YES;
				BUNDLE_LOADER = "$(TEST_HOST)";
				CODE_SIGN_STYLE = Automatic;
				INFOPLIST_FILE = TalentifyTests/Info.plist;
				LD_RUNPATH_SEARCH_PATHS = "$(inherited) @executable_path/Frameworks @loader_path/Frameworks";
				PRODUCT_BUNDLE_IDENTIFIER = in.talentify.TalentifyTests;
				PRODUCT_NAME = "$(TARGET_NAME)";
				SWIFT_VERSION = 4.0;
				TARGETED_DEVICE_FAMILY = "1,2";
				TEST_HOST = "$(BUILT_PRODUCTS_DIR)/Talentify.app/Talentify";
			};
			name = Debug;
		};
		49B934001FD6897F00773DB5 /* Release */ = {
			isa = XCBuildConfiguration;
			buildSettings = {
				ALWAYS_EMBED_SWIFT_STANDARD_LIBRARIES = YES;
				BUNDLE_LOADER = "$(TEST_HOST)";
				CODE_SIGN_STYLE = Automatic;
				INFOPLIST_FILE = TalentifyTests/Info.plist;
				LD_RUNPATH_SEARCH_PATHS = "$(inherited) @executable_path/Frameworks @loader_path/Frameworks";
				PRODUCT_BUNDLE_IDENTIFIER = in.talentify.TalentifyTests;
				PRODUCT_NAME = "$(TARGET_NAME)";
				SWIFT_VERSION = 4.0;
				TARGETED_DEVICE_FAMILY = "1,2";
				TEST_HOST = "$(BUILT_PRODUCTS_DIR)/Talentify.app/Talentify";
			};
			name = Release;
		};
/* End XCBuildConfiguration section */

/* Begin XCConfigurationList section */
		49B933D91FD6897D00773DB5 /* Build configuration list for PBXProject "Talentify" */ = {
			isa = XCConfigurationList;
			buildConfigurations = (
				49B933F91FD6897F00773DB5 /* Debug */,
				49B933FA1FD6897F00773DB5 /* Release */,
			);
			defaultConfigurationIsVisible = 0;
			defaultConfigurationName = Release;
		};
		49B933FB1FD6897F00773DB5 /* Build configuration list for PBXNativeTarget "Talentify" */ = {
			isa = XCConfigurationList;
			buildConfigurations = (
				49B933FC1FD6897F00773DB5 /* Debug */,
				49B933FD1FD6897F00773DB5 /* Release */,
			);
			defaultConfigurationIsVisible = 0;
			defaultConfigurationName = Release;
		};
		49B933FE1FD6897F00773DB5 /* Build configuration list for PBXNativeTarget "TalentifyTests" */ = {
			isa = XCConfigurationList;
			buildConfigurations = (
				49B933FF1FD6897F00773DB5 /* Debug */,
				49B934001FD6897F00773DB5 /* Release */,
			);
			defaultConfigurationIsVisible = 0;
			defaultConfigurationName = Release;
		};
/* End XCConfigurationList section */
	};
	rootObject = 49B933D61FD6897D00773DB5 /* Project object */;
}
